
Microsoft Visual Studio Solution File, Format Version 12.00
# Visual Studio Version 17
VisualStudioVersion = 17.14.37516.0
MinimumVisualStudioVersion = 10.0.40219.1
Project("{FAE04EC0-301F-11D3-BF4B-00C04F79EFBC}") = "Kiosk", "Kiosk\Kiosk.csproj", "{85B97C89-0253-4EE3-AD6C-AA565E6679EC}"
EndProject
Project("{2150E333-8FDC-42A3-9474-1A3956D46DE8}") = "솔루션 항목", "솔루션 항목", "{2A3A057F-5D22-31FD-628C-DF5EF75AEF1E}"
	ProjectSection(SolutionItems) = preProject
		README.md = README.md
	EndProjectSection
EndProject
Project("{2150E333-8FDC-42A3-9474-1A3956D46DE8}") = "docs", "docs", "{C8D5274F-AC00-46C7-1F8D-E88E81087A52}"
EndProject
Project("{2150E333-8FDC-42A3-9474-1A3956D46DE8}") = "1_Menu", "1_Menu", "{B06A05F9-DA5E-4E1F-A6B7-B4D997F94A3B}"
	ProjectSection(SolutionItems) = preProject
		docs\1_Menu\00_Plan.md = docs\1_Menu\00_Plan.md
	EndProjectSection
EndProject
Global
	GlobalSection(SolutionConfigurationPlatforms) = preSolution
		Debug|Any CPU = Debug|Any CPU
		Release|Any CPU = Release|Any CPU
	EndGlobalSection
	GlobalSection(ProjectConfigurationPlatforms) = postSolution
		{85B97C89-0253-4EE3-AD6C-AA565E6679EC}.Debug|Any CPU.ActiveCfg = Debug|Any CPU
		{85B97C89-0253-4EE3-AD6C-AA565E6679EC}.Debug|Any CPU.Build.0 = Debug|Any CPU
		{85B97C89-0253-4EE3-AD6C-AA565E6679EC}.Release|Any CPU.ActiveCfg = Release|Any CPU
		{85B97C89-0253-4EE3-AD6C-AA565E6679EC}.Release|Any CPU.Build.0 = Release|Any CPU
	EndGlobalSection
	GlobalSection(SolutionProperties) = preSolution
		HideSolutionNode = FALSE
	EndGlobalSection
	GlobalSection(NestedProjects) = preSolution
		{B06A05F9-DA5E-4E1F-A6B7-B4D997F94A3B} = {C8D5274F-AC00-46C7-1F8D-E88E81087A52}
	EndGlobalSection
	GlobalSection(ExtensibilityGlobals) = postSolution
		SolutionGuid = {C94B17C3-916F-4820-823D-44E1810B69EE}
	EndGlobalSection
EndGlobal
